
Microsoft Visual Studio Solution File, Format Version 12.00
# Visual Studio Version 16
VisualStudioVersion = 16.0.30907.101
MinimumVisualStudioVersion = 10.0.40219.1
Project("{FAE04EC0-301F-11D3-BF4B-00C04F79EFBC}") = "Compiler", "Compiler\Compiler.csproj", "{EB62B8E9-CB6E-4BBB-B158-14A1F7D7B5F9}"
EndProject
Global
	GlobalSection(SolutionConfigurationPlatforms) = preSolution
		Debug|Any CPU = Debug|Any CPU
		Release|Any CPU = Release|Any CPU
	EndGlobalSection
	GlobalSection(ProjectConfigurationPlatforms) = postSolution
		{EB62B8E9-CB6E-4BBB-B158-14A1F7D7B5F9}.Debug|Any CPU.ActiveCfg = Debug|Any CPU
		{EB62B8E9-CB6E-4BBB-B158-14A1F7D7B5F9}.Debug|Any CPU.Build.0 = Debug|Any CPU
		{EB62B8E9-CB6E-4BBB-B158-14A1F7D7B5F9}.Release|Any CPU.ActiveCfg = Release|Any CPU
		{EB62B8E9-CB6E-4BBB-B158-14A1F7D7B5F9}.Release|Any CPU.Build.0 = Release|Any CPU
	EndGlobalSection
	GlobalSection(SolutionProperties) = preSolution
		HideSolutionNode = FALSE
	EndGlobalSection
	GlobalSection(ExtensibilityGlobals) = postSolution
		SolutionGuid = {2F209BA4-3F01-4798-9C04-D32C5BA73107}
	EndGlobalSection
EndGlobal
